// !$*UTF8*$!
{
	archiveVersion = 1;
	classes = {
	};
	objectVersion = 50;
	objects = {

/* Begin PBXBuildFile section */
		8502B4C4217B2F5A00AA98D2 /* AppDelegate.swift in Sources */ = {isa = PBXBuildFile; fileRef = 8502B4C3217B2F5A00AA98D2 /* AppDelegate.swift */; };
		8502B4C6217B2F5A00AA98D2 /* ViewController.swift in Sources */ = {isa = PBXBuildFile; fileRef = 8502B4C5217B2F5A00AA98D2 /* ViewController.swift */; };
		8502B4C9217B2F5A00AA98D2 /* Main.storyboard in Resources */ = {isa = PBXBuildFile; fileRef = 8502B4C7217B2F5A00AA98D2 /* Main.storyboard */; };
		8502B4CB217B2F5C00AA98D2 /* Assets.xcassets in Resources */ = {isa = PBXBuildFile; fileRef = 8502B4CA217B2F5C00AA98D2 /* Assets.xcassets */; };
		8502B4CE217B2F5C00AA98D2 /* LaunchScreen.storyboard in Resources */ = {isa = PBXBuildFile; fileRef = 8502B4CC217B2F5C00AA98D2 /* LaunchScreen.storyboard */; };
		8502B4D9217B2F5D00AA98D2 /* itunesSearchTests.swift in Sources */ = {isa = PBXBuildFile; fileRef = 8502B4D8217B2F5D00AA98D2 /* itunesSearchTests.swift */; };
		8502B4E4217B2F5D00AA98D2 /* itunesSearchUITests.swift in Sources */ = {isa = PBXBuildFile; fileRef = 8502B4E3217B2F5D00AA98D2 /* itunesSearchUITests.swift */; };
/* End PBXBuildFile section */

/* Begin PBXContainerItemProxy section */
		8502B4D5217B2F5D00AA98D2 /* PBXContainerItemProxy */ = {
			isa = PBXContainerItemProxy;
			containerPortal = 8502B4B8217B2F5A00AA98D2 /* Project object */;
			proxyType = 1;
			remoteGlobalIDString = 8502B4BF217B2F5A00AA98D2;
			remoteInfo = itunesSearch;
		};
		8502B4E0217B2F5D00AA98D2 /* PBXContainerItemProxy */ = {
			isa = PBXContainerItemProxy;
			containerPortal = 8502B4B8217B2F5A00AA98D2 /* Project object */;
			proxyType = 1;
			remoteGlobalIDString = 8502B4BF217B2F5A00AA98D2;
			remoteInfo = itunesSearch;
		};
/* End PBXContainerItemProxy section */

/* Begin PBXFileReference section */
		8502B4C0217B2F5A00AA98D2 /* itunesSearch.app */ = {isa = PBXFileReference; explicitFileType = wrapper.application; includeInIndex = 0; path = itunesSearch.app; sourceTree = BUILT_PRODUCTS_DIR; };
		8502B4C3217B2F5A00AA98D2 /* AppDelegate.swift */ = {isa = PBXFileReference; lastKnownFileType = sourcecode.swift; path = AppDelegate.swift; sourceTree = "<group>"; };
		8502B4C5217B2F5A00AA98D2 /* ViewController.swift */ = {isa = PBXFileReference; lastKnownFileType = sourcecode.swift; path = ViewController.swift; sourceTree = "<group>"; };
		8502B4C8217B2F5A00AA98D2 /* Base */ = {isa = PBXFileReference; lastKnownFileType = file.storyboard; name = Base; path = Base.lproj/Main.storyboard; sourceTree = "<group>"; };
		8502B4CA217B2F5C00AA98D2 /* Assets.xcassets */ = {isa = PBXFileReference; lastKnownFileType = folder.assetcatalog; path = Assets.xcassets; sourceTree = "<group>"; };
		8502B4CD217B2F5C00AA98D2 /* Base */ = {isa = PBXFileReference; lastKnownFileType = file.storyboard; name = Base; path = Base.lproj/LaunchScreen.storyboard; sourceTree = "<group>"; };
		8502B4CF217B2F5C00AA98D2 /* Info.plist */ = {isa = PBXFileReference; lastKnownFileType = text.plist.xml; path = Info.plist; sourceTree = "<group>"; };
		8502B4D4217B2F5D00AA98D2 /* itunesSearchTests.xctest */ = {isa = PBXFileReference; explicitFileType = wrapper.cfbundle; includeInIndex = 0; path = itunesSearchTests.xctest; sourceTree = BUILT_PRODUCTS_DIR; };
		8502B4D8217B2F5D00AA98D2 /* itunesSearchTests.swift */ = {isa = PBXFileReference; lastKnownFileType = sourcecode.swift; path = itunesSearchTests.swift; sourceTree = "<group>"; };
		8502B4DA217B2F5D00AA98D2 /* Info.plist */ = {isa = PBXFileReference; lastKnownFileType = text.plist.xml; path = Info.plist; sourceTree = "<group>"; };
		8502B4DF217B2F5D00AA98D2 /* itunesSearchUITests.xctest */ = {isa = PBXFileReference; explicitFileType = wrapper.cfbundle; includeInIndex = 0; path = itunesSearchUITests.xctest; sourceTree = BUILT_PRODUCTS_DIR; };
		8502B4E3217B2F5D00AA98D2 /* itunesSearchUITests.swift */ = {isa = PBXFileReference; lastKnownFileType = sourcecode.swift; path = itunesSearchUITests.swift; sourceTree = "<group>"; };
		8502B4E5217B2F5D00AA98D2 /* Info.plist */ = {isa = PBXFileReference; lastKnownFileType = text.plist.xml; path = Info.plist; sourceTree = "<group>"; };
/* End PBXFileReference section */

/* Begin PBXFrameworksBuildPhase section */
		8502B4BD217B2F5A00AA98D2 /* Frameworks */ = {
			isa = PBXFrameworksBuildPhase;
			buildActionMask = 2147483647;
			files = (
			);
			runOnlyForDeploymentPostprocessing = 0;
		};
		8502B4D1217B2F5D00AA98D2 /* Frameworks */ = {
			isa = PBXFrameworksBuildPhase;
			buildActionMask = 2147483647;
			files = (
			);
			runOnlyForDeploymentPostprocessing = 0;
		};
		8502B4DC217B2F5D00AA98D2 /* Frameworks */ = {
			isa = PBXFrameworksBuildPhase;
			buildActionMask = 2147483647;
			files = (
			);
			runOnlyForDeploymentPostprocessing = 0;
		};
/* End PBXFrameworksBuildPhase section */

/* Begin PBXGroup section */
		8502B4B7217B2F5A00AA98D2 = {
			isa = PBXGroup;
			children = (
				8502B4C2217B2F5A00AA98D2 /* itunesSearch */,
				8502B4D7217B2F5D00AA98D2 /* itunesSearchTests */,
				8502B4E2217B2F5D00AA98D2 /* itunesSearchUITests */,
				8502B4C1217B2F5A00AA98D2 /* Products */,
			);
			sourceTree = "<group>";
		};
		8502B4C1217B2F5A00AA98D2 /* Products */ = {
			isa = PBXGroup;
			children = (
				8502B4C0217B2F5A00AA98D2 /* itunesSearch.app */,
				8502B4D4217B2F5D00AA98D2 /* itunesSearchTests.xctest */,
				8502B4DF217B2F5D00AA98D2 /* itunesSearchUITests.xctest */,
			);
			name = Products;
			sourceTree = "<group>";
		};
		8502B4C2217B2F5A00AA98D2 /* itunesSearch */ = {
			isa = PBXGroup;
			children = (
				8502B4C3217B2F5A00AA98D2 /* AppDelegate.swift */,
				8502B4C5217B2F5A00AA98D2 /* ViewController.swift */,
				8502B4C7217B2F5A00AA98D2 /* Main.storyboard */,
				8502B4CA217B2F5C00AA98D2 /* Assets.xcassets */,
				8502B4CC217B2F5C00AA98D2 /* LaunchScreen.storyboard */,
				8502B4CF217B2F5C00AA98D2 /* Info.plist */,
			);
			path = itunesSearch;
			sourceTree = "<group>";
		};
		8502B4D7217B2F5D00AA98D2 /* itunesSearchTests */ = {
			isa = PBXGroup;
			children = (
				8502B4D8217B2F5D00AA98D2 /* itunesSearchTests.swift */,
				8502B4DA217B2F5D00AA98D2 /* Info.plist */,
			);
			path = itunesSearchTests;
			sourceTree = "<group>";
		};
		8502B4E2217B2F5D00AA98D2 /* itunesSearchUITests */ = {
			isa = PBXGroup;
			children = (
				8502B4E3217B2F5D00AA98D2 /* itunesSearchUITests.swift */,
				8502B4E5217B2F5D00AA98D2 /* Info.plist */,
			);
			path = itunesSearchUITests;
			sourceTree = "<group>";
		};
/* End PBXGroup section */

/* Begin PBXNativeTarget section */
		8502B4BF217B2F5A00AA98D2 /* itunesSearch */ = {
			isa = PBXNativeTarget;
			buildConfigurationList = 8502B4E8217B2F5D00AA98D2 /* Build configuration list for PBXNativeTarget "itunesSearch" */;
			buildPhases = (
				8502B4BC217B2F5A00AA98D2 /* Sources */,
				8502B4BD217B2F5A00AA98D2 /* Frameworks */,
				8502B4BE217B2F5A00AA98D2 /* Resources */,
			);
			buildRules = (
			);
			dependencies = (
			);
			name = itunesSearch;
			productName = itunesSearch;
			productReference = 8502B4C0217B2F5A00AA98D2 /* itunesSearch.app */;
			productType = "com.apple.product-type.application";
		};
		8502B4D3217B2F5D00AA98D2 /* itunesSearchTests */ = {
			isa = PBXNativeTarget;
			buildConfigurationList = 8502B4EB217B2F5D00AA98D2 /* Build configuration list for PBXNativeTarget "itunesSearchTests" */;
			buildPhases = (
				8502B4D0217B2F5D00AA98D2 /* Sources */,
				8502B4D1217B2F5D00AA98D2 /* Frameworks */,
				8502B4D2217B2F5D00AA98D2 /* Resources */,
			);
			buildRules = (
			);
			dependencies = (
				8502B4D6217B2F5D00AA98D2 /* PBXTargetDependency */,
			);
			name = itunesSearchTests;
			productName = itunesSearchTests;
			productReference = 8502B4D4217B2F5D00AA98D2 /* itunesSearchTests.xctest */;
			productType = "com.apple.product-type.bundle.unit-test";
		};
		8502B4DE217B2F5D00AA98D2 /* itunesSearchUITests */ = {
			isa = PBXNativeTarget;
			buildConfigurationList = 8502B4EE217B2F5D00AA98D2 /* Build configuration list for PBXNativeTarget "itunesSearchUITests" */;
			buildPhases = (
				8502B4DB217B2F5D00AA98D2 /* Sources */,
				8502B4DC217B2F5D00AA98D2 /* Frameworks */,
				8502B4DD217B2F5D00AA98D2 /* Resources */,
			);
			buildRules = (
			);
			dependencies = (
				8502B4E1217B2F5D00AA98D2 /* PBXTargetDependency */,
			);
			name = itunesSearchUITests;
			productName = itunesSearchUITests;
			productReference = 8502B4DF217B2F5D00AA98D2 /* itunesSearchUITests.xctest */;
			productType = "com.apple.product-type.bundle.ui-testing";
		};
/* End PBXNativeTarget section */

/* Begin PBXProject section */
		8502B4B8217B2F5A00AA98D2 /* Project object */ = {
			isa = PBXProject;
			attributes = {
				LastSwiftUpdateCheck = 1000;
				LastUpgradeCheck = 1000;
				ORGANIZATIONNAME = Melisa;
				TargetAttributes = {
					8502B4BF217B2F5A00AA98D2 = {
						CreatedOnToolsVersion = 10.0;
					};
					8502B4D3217B2F5D00AA98D2 = {
						CreatedOnToolsVersion = 10.0;
						TestTargetID = 8502B4BF217B2F5A00AA98D2;
					};
					8502B4DE217B2F5D00AA98D2 = {
						CreatedOnToolsVersion = 10.0;
						TestTargetID = 8502B4BF217B2F5A00AA98D2;
					};
				};
			};
			buildConfigurationList = 8502B4BB217B2F5A00AA98D2 /* Build configuration list for PBXProject "itunesSearch" */;
			compatibilityVersion = "Xcode 9.3";
			developmentRegion = en;
			hasScannedForEncodings = 0;
			knownRegions = (
				en,
				Base,
			);
			mainGroup = 8502B4B7217B2F5A00AA98D2;
			productRefGroup = 8502B4C1217B2F5A00AA98D2 /* Products */;
			projectDirPath = "";
			projectRoot = "";
			targets = (
				8502B4BF217B2F5A00AA98D2 /* itunesSearch */,
				8502B4D3217B2F5D00AA98D2 /* itunesSearchTests */,
				8502B4DE217B2F5D00AA98D2 /* itunesSearchUITests */,
			);
		};
/* End PBXProject section */

/* Begin PBXResourcesBuildPhase section */
		8502B4BE217B2F5A00AA98D2 /* Resources */ = {
			isa = PBXResourcesBuildPhase;
			buildActionMask = 2147483647;
			files = (
				8502B4CE217B2F5C00AA98D2 /* LaunchScreen.storyboard in Resources */,
				8502B4CB217B2F5C00AA98D2 /* Assets.xcassets in Resources */,
				8502B4C9217B2F5A00AA98D2 /* Main.storyboard in Resources */,
			);
			runOnlyForDeploymentPostprocessing = 0;
		};
		8502B4D2217B2F5D00AA98D2 /* Resources */ = {
			isa = PBXResourcesBuildPhase;
			buildActionMask = 2147483647;
			files = (
			);
			runOnlyForDeploymentPostprocessing = 0;
		};
		8502B4DD217B2F5D00AA98D2 /* Resources */ = {
			isa = PBXResourcesBuildPhase;
			buildActionMask = 2147483647;
			files = (
			);
			runOnlyForDeploymentPostprocessing = 0;
		};
/* End PBXResourcesBuildPhase section */

/* Begin PBXSourcesBuildPhase section */
		8502B4BC217B2F5A00AA98D2 /* Sources */ = {
			isa = PBXSourcesBuildPhase;
			buildActionMask = 2147483647;
			files = (
				8502B4C6217B2F5A00AA98D2 /* ViewController.swift in Sources */,
				8502B4C4217B2F5A00AA98D2 /* AppDelegate.swift in Sources */,
			);
			runOnlyForDeploymentPostprocessing = 0;
		};
		8502B4D0217B2F5D00AA98D2 /* Sources */ = {
			isa = PBXSourcesBuildPhase;
			buildActionMask = 2147483647;
			files = (
				8502B4D9217B2F5D00AA98D2 /* itunesSearchTests.swift in Sources */,
			);
			runOnlyForDeploymentPostprocessing = 0;
		};
		8502B4DB217B2F5D00AA98D2 /* Sources */ = {
			isa = PBXSourcesBuildPhase;
			buildActionMask = 2147483647;
			files = (
				8502B4E4217B2F5D00AA98D2 /* itunesSearchUITests.swift in Sources */,
			);
			runOnlyForDeploymentPostprocessing = 0;
		};
/* End PBXSourcesBuildPhase section */

/* Begin PBXTargetDependency section */
		8502B4D6217B2F5D00AA98D2 /* PBXTargetDependency */ = {
			isa = PBXTargetDependency;
			target = 8502B4BF217B2F5A00AA98D2 /* itunesSearch */;
			targetProxy = 8502B4D5217B2F5D00AA98D2 /* PBXContainerItemProxy */;
		};
		8502B4E1217B2F5D00AA98D2 /* PBXTargetDependency */ = {
			isa = PBXTargetDependency;
			target = 8502B4BF217B2F5A00AA98D2 /* itunesSearch */;
			targetProxy = 8502B4E0217B2F5D00AA98D2 /* PBXContainerItemProxy */;
		};
/* End PBXTargetDependency section */

/* Begin PBXVariantGroup section */
		8502B4C7217B2F5A00AA98D2 /* Main.storyboard */ = {
			isa = PBXVariantGroup;
			children = (
				8502B4C8217B2F5A00AA98D2 /* Base */,
			);
			name = Main.storyboard;
			sourceTree = "<group>";
		};
		8502B4CC217B2F5C00AA98D2 /* LaunchScreen.storyboard */ = {
			isa = PBXVariantGroup;
			children = (
				8502B4CD217B2F5C00AA98D2 /* Base */,
			);
			name = LaunchScreen.storyboard;
			sourceTree = "<group>";
		};
/* End PBXVariantGroup section */

/* Begin XCBuildConfiguration section */
		8502B4E6217B2F5D00AA98D2 /* Debug */ = {
			isa = XCBuildConfiguration;
			buildSettings = {
				ALWAYS_SEARCH_USER_PATHS = NO;
				CLANG_ANALYZER_NONNULL = YES;
				CLANG_ANALYZER_NUMBER_OBJECT_CONVERSION = YES_AGGRESSIVE;
				CLANG_CXX_LANGUAGE_STANDARD = "gnu++14";
				CLANG_CXX_LIBRARY = "libc++";
				CLANG_ENABLE_MODULES = YES;
				CLANG_ENABLE_OBJC_ARC = YES;
				CLANG_ENABLE_OBJC_WEAK = YES;
				CLANG_WARN_BLOCK_CAPTURE_AUTORELEASING = YES;
				CLANG_WARN_BOOL_CONVERSION = YES;
				CLANG_WARN_COMMA = YES;
				CLANG_WARN_CONSTANT_CONVERSION = YES;
				CLANG_WARN_DEPRECATED_OBJC_IMPLEMENTATIONS = YES;
				CLANG_WARN_DIRECT_OBJC_ISA_USAGE = YES_ERROR;
				CLANG_WARN_DOCUMENTATION_COMMENTS = YES;
				CLANG_WARN_EMPTY_BODY = YES;
				CLANG_WARN_ENUM_CONVERSION = YES;
				CLANG_WARN_INFINITE_RECURSION = YES;
				CLANG_WARN_INT_CONVERSION = YES;
				CLANG_WARN_NON_LITERAL_NULL_CONVERSION = YES;
				CLANG_WARN_OBJC_IMPLICIT_RETAIN_SELF = YES;
				CLANG_WARN_OBJC_LITERAL_CONVERSION = YES;
				CLANG_WARN_OBJC_ROOT_CLASS = YES_ERROR;
				CLANG_WARN_RANGE_LOOP_ANALYSIS = YES;
				CLANG_WARN_STRICT_PROTOTYPES = YES;
				CLANG_WARN_SUSPICIOUS_MOVE = YES;
				CLANG_WARN_UNGUARDED_AVAILABILITY = YES_AGGRESSIVE;
				CLANG_WARN_UNREACHABLE_CODE = YES;
				CLANG_WARN__DUPLICATE_METHOD_MATCH = YES;
				CODE_SIGN_IDENTITY = "iPhone Developer";
				COPY_PHASE_STRIP = NO;
				DEBUG_INFORMATION_FORMAT = dwarf;
				ENABLE_STRICT_OBJC_MSGSEND = YES;
				ENABLE_TESTABILITY = YES;
				GCC_C_LANGUAGE_STANDARD = gnu11;
				GCC_DYNAMIC_NO_PIC = NO;
				GCC_NO_COMMON_BLOCKS = YES;
				GCC_OPTIMIZATION_LEVEL = 0;
				GCC_PREPROCESSOR_DEFINITIONS = (
					"DEBUG=1",
					"$(inherited)",
				);
				GCC_WARN_64_TO_32_BIT_CONVERSION = YES;
				GCC_WARN_ABOUT_RETURN_TYPE = YES_ERROR;
				GCC_WARN_UNDECLARED_SELECTOR = YES;
				GCC_WARN_UNINITIALIZED_AUTOS = YES_AGGRESSIVE;
				GCC_WARN_UNUSED_FUNCTION = YES;
				GCC_WARN_UNUSED_VARIABLE = YES;
				IPHONEOS_DEPLOYMENT_TARGET = 12.0;
				MTL_ENABLE_DEBUG_INFO = INCLUDE_SOURCE;
				MTL_FAST_MATH = YES;
				ONLY_ACTIVE_ARCH = YES;
				SDKROOT = iphoneos;
				SWIFT_ACTIVE_COMPILATION_CONDITIONS = DEBUG;
				SWIFT_OPTIMIZATION_LEVEL = "-Onone";
			};
			name = Debug;
		};
		8502B4E7217B2F5D00AA98D2 /* Release */ = {
			isa = XCBuildConfiguration;
			buildSettings = {
				ALWAYS_SEARCH_USER_PATHS = NO;
				CLANG_ANALYZER_NONNULL = YES;
				CLANG_ANALYZER_NUMBER_OBJECT_CONVERSION = YES_AGGRESSIVE;
				CLANG_CXX_LANGUAGE_STANDARD = "gnu++14";
				CLANG_CXX_LIBRARY = "libc++";
				CLANG_ENABLE_MODULES = YES;
				CLANG_ENABLE_OBJC_ARC = YES;
				CLANG_ENABLE_OBJC_WEAK = YES;
				CLANG_WARN_BLOCK_CAPTURE_AUTORELEASING = YES;
				CLANG_WARN_BOOL_CONVERSION = YES;
				CLANG_WARN_COMMA = YES;
				CLANG_WARN_CONSTANT_CONVERSION = YES;
				CLANG_WARN_DEPRECATED_OBJC_IMPLEMENTATIONS = YES;
				CLANG_WARN_DIRECT_OBJC_ISA_USAGE = YES_ERROR;
				CLANG_WARN_DOCUMENTATION_COMMENTS = YES;
				CLANG_WARN_EMPTY_BODY = YES;
				CLANG_WARN_ENUM_CONVERSION = YES;
				CLANG_WARN_INFINITE_RECURSION = YES;
				CLANG_WARN_INT_CONVERSION = YES;
				CLANG_WARN_NON_LITERAL_NULL_CONVERSION = YES;
				CLANG_WARN_OBJC_IMPLICIT_RETAIN_SELF = YES;
				CLANG_WARN_OBJC_LITERAL_CONVERSION = YES;
				CLANG_WARN_OBJC_ROOT_CLASS = YES_ERROR;
				CLANG_WARN_RANGE_LOOP_ANALYSIS = YES;
				CLANG_WARN_STRICT_PROTOTYPES = YES;
				CLANG_WARN_SUSPICIOUS_MOVE = YES;
				CLANG_WARN_UNGUARDED_AVAILABILITY = YES_AGGRESSIVE;
				CLANG_WARN_UNREACHABLE_CODE = YES;
				CLANG_WARN__DUPLICATE_METHOD_MATCH = YES;
				CODE_SIGN_IDENTITY = "iPhone Developer";
				COPY_PHASE_STRIP = NO;
				DEBUG_INFORMATION_FORMAT = "dwarf-with-dsym";
				ENABLE_NS_ASSERTIONS = NO;
				ENABLE_STRICT_OBJC_MSGSEND = YES;
				GCC_C_LANGUAGE_STANDARD = gnu11;
				GCC_NO_COMMON_BLOCKS = YES;
				GCC_WARN_64_TO_32_BIT_CONVERSION = YES;
				GCC_WARN_ABOUT_RETURN_TYPE = YES_ERROR;
				GCC_WARN_UNDECLARED_SELECTOR = YES;
				GCC_WARN_UNINITIALIZED_AUTOS = YES_AGGRESSIVE;
				GCC_WARN_UNUSED_FUNCTION = YES;
				GCC_WARN_UNUSED_VARIABLE = YES;
				IPHONEOS_DEPLOYMENT_TARGET = 12.0;
				MTL_ENABLE_DEBUG_INFO = NO;
				MTL_FAST_MATH = YES;
				SDKROOT = iphoneos;
				SWIFT_COMPILATION_MODE = wholemodule;
				SWIFT_OPTIMIZATION_LEVEL = "-O";
				VALIDATE_PRODUCT = YES;
			};
			name = Release;
		};
		8502B4E9217B2F5D00AA98D2 /* Debug */ = {
			isa = XCBuildConfiguration;
			buildSettings = {
				ASSETCATALOG_COMPILER_APPICON_NAME = AppIcon;
				CODE_SIGN_STYLE = Automatic;
				DEVELOPMENT_TEAM = R85RBRZ4TB;
				INFOPLIST_FILE = itunesSearch/Info.plist;
				LD_RUNPATH_SEARCH_PATHS = (
					"$(inherited)",
					"@executable_path/Frameworks",
				);
				PRODUCT_BUNDLE_IDENTIFIER = com.melisaozturk.itunesSearch;
				PRODUCT_NAME = "$(TARGET_NAME)";
				SWIFT_VERSION = 4.2;
				TARGETED_DEVICE_FAMILY = "1,2";
			};
			name = Debug;
		};
		8502B4EA217B2F5D00AA98D2 /* Release */ = {
			isa = XCBuildConfiguration;
			buildSettings = {
				ASSETCATALOG_COMPILER_APPICON_NAME = AppIcon;
				CODE_SIGN_STYLE = Automatic;
				DEVELOPMENT_TEAM = R85RBRZ4TB;
				INFOPLIST_FILE = itunesSearch/Info.plist;
				LD_RUNPATH_SEARCH_PATHS = (
					"$(inherited)",
					"@executable_path/Frameworks",
				);
				PRODUCT_BUNDLE_IDENTIFIER = com.melisaozturk.itunesSearch;
				PRODUCT_NAME = "$(TARGET_NAME)";
				SWIFT_VERSION = 4.2;
				TARGETED_DEVICE_FAMILY = "1,2";
			};
			name = Release;
		};
		8502B4EC217B2F5D00AA98D2 /* Debug */ = {
			isa = XCBuildConfiguration;
			buildSettings = {
				ALWAYS_EMBED_SWIFT_STANDARD_LIBRARIES = YES;
				BUNDLE_LOADER = "$(TEST_HOST)";
				CODE_SIGN_STYLE = Automatic;
				DEVELOPMENT_TEAM = R85RBRZ4TB;
				INFOPLIST_FILE = itunesSearchTests/Info.plist;
				LD_RUNPATH_SEARCH_PATHS = (
					"$(inherited)",
					"@executable_path/Frameworks",
					"@loader_path/Frameworks",
				);
				PRODUCT_BUNDLE_IDENTIFIER = com.melisaozturk.itunesSearchTests;
				PRODUCT_NAME = "$(TARGET_NAME)";
				SWIFT_VERSION = 4.2;
				TARGETED_DEVICE_FAMILY = "1,2";
				TEST_HOST = "$(BUILT_PRODUCTS_DIR)/itunesSearch.app/itunesSearch";
			};
			name = Debug;
		};
		8502B4ED217B2F5D00AA98D2 /* Release */ = {
			isa = XCBuildConfiguration;
			buildSettings = {
				ALWAYS_EMBED_SWIFT_STANDARD_LIBRARIES = YES;
				BUNDLE_LOADER = "$(TEST_HOST)";
				CODE_SIGN_STYLE = Automatic;
				DEVELOPMENT_TEAM = R85RBRZ4TB;
				INFOPLIST_FILE = itunesSearchTests/Info.plist;
				LD_RUNPATH_SEARCH_PATHS = (
					"$(inherited)",
					"@executable_path/Frameworks",
					"@loader_path/Frameworks",
				);
				PRODUCT_BUNDLE_IDENTIFIER = com.melisaozturk.itunesSearchTests;
				PRODUCT_NAME = "$(TARGET_NAME)";
				SWIFT_VERSION = 4.2;
				TARGETED_DEVICE_FAMILY = "1,2";
				TEST_HOST = "$(BUILT_PRODUCTS_DIR)/itunesSearch.app/itunesSearch";
			};
			name = Release;
		};
		8502B4EF217B2F5D00AA98D2 /* Debug */ = {
			isa = XCBuildConfiguration;
			buildSettings = {
				ALWAYS_EMBED_SWIFT_STANDARD_LIBRARIES = YES;
				CODE_SIGN_STYLE = Automatic;
				DEVELOPMENT_TEAM = R85RBRZ4TB;
				INFOPLIST_FILE = itunesSearchUITests/Info.plist;
				LD_RUNPATH_SEARCH_PATHS = (
					"$(inherited)",
					"@executable_path/Frameworks",
					"@loader_path/Frameworks",
				);
				PRODUCT_BUNDLE_IDENTIFIER = com.melisaozturk.itunesSearchUITests;
				PRODUCT_NAME = "$(TARGET_NAME)";
				SWIFT_VERSION = 4.2;
				TARGETED_DEVICE_FAMILY = "1,2";
				TEST_TARGET_NAME = itunesSearch;
			};
			name = Debug;
		};
		8502B4F0217B2F5D00AA98D2 /* Release */ = {
			isa = XCBuildConfiguration;
			buildSettings = {
				ALWAYS_EMBED_SWIFT_STANDARD_LIBRARIES = YES;
				CODE_SIGN_STYLE = Automatic;
				DEVELOPMENT_TEAM = R85RBRZ4TB;
				INFOPLIST_FILE = itunesSearchUITests/Info.plist;
				LD_RUNPATH_SEARCH_PATHS = (
					"$(inherited)",
					"@executable_path/Frameworks",
					"@loader_path/Frameworks",
				);
				PRODUCT_BUNDLE_IDENTIFIER = com.melisaozturk.itunesSearchUITests;
				PRODUCT_NAME = "$(TARGET_NAME)";
				SWIFT_VERSION = 4.2;
				TARGETED_DEVICE_FAMILY = "1,2";
				TEST_TARGET_NAME = itunesSearch;
			};
			name = Release;
		};
/* End XCBuildConfiguration section */

/* Begin XCConfigurationList section */
		8502B4BB217B2F5A00AA98D2 /* Build configuration list for PBXProject "itunesSearch" */ = {
			isa = XCConfigurationList;
			buildConfigurations = (
				8502B4E6217B2F5D00AA98D2 /* Debug */,
				8502B4E7217B2F5D00AA98D2 /* Release */,
			);
			defaultConfigurationIsVisible = 0;
			defaultConfigurationName = Release;
		};
		8502B4E8217B2F5D00AA98D2 /* Build configuration list for PBXNativeTarget "itunesSearch" */ = {
			isa = XCConfigurationList;
			buildConfigurations = (
				8502B4E9217B2F5D00AA98D2 /* Debug */,
				8502B4EA217B2F5D00AA98D2 /* Release */,
			);
			defaultConfigurationIsVisible = 0;
			defaultConfigurationName = Release;
		};
		8502B4EB217B2F5D00AA98D2 /* Build configuration list for PBXNativeTarget "itunesSearchTests" */ = {
			isa = XCConfigurationList;
			buildConfigurations = (
				8502B4EC217B2F5D00AA98D2 /* Debug */,
				8502B4ED217B2F5D00AA98D2 /* Release */,
			);
			defaultConfigurationIsVisible = 0;
			defaultConfigurationName = Release;
		};
		8502B4EE217B2F5D00AA98D2 /* Build configuration list for PBXNativeTarget "itunesSearchUITests" */ = {
			isa = XCConfigurationList;
			buildConfigurations = (
				8502B4EF217B2F5D00AA98D2 /* Debug */,
				8502B4F0217B2F5D00AA98D2 /* Release */,
			);
			defaultConfigurationIsVisible = 0;
			defaultConfigurationName = Release;
		};
/* End XCConfigurationList section */
	};
	rootObject = 8502B4B8217B2F5A00AA98D2 /* Project object */;
}
